{
  "name": "docs",
  "lockfileVersion": 3,
  "requires": true,
  "packages": {
    "": {
      "devDependencies": {
        "@jothepro/doxygen-awesome-css": "github:jothepro/doxygen-awesome-css#v2.2.1"
      }
    },
    "node_modules/@jothepro/doxygen-awesome-css": {
      "version": "2.2.1",
      "resolved": "git+ssh://git@github.com/jothepro/doxygen-awesome-css.git#df83fbf22cfff76b875c13d324baf584c74e96d0",
      "dev": true,
      "license": "MIT"
    }
  }
}
